
Microsoft Visual Studio Solution File, Format Version 12.00
# Visual Studio Version 16
VisualStudioVersion = 16.0.30320.27
MinimumVisualStudioVersion = 10.0.40219.1
Project("{8BC9CEB8-8B4A-11D0-8D11-00A0C91BC942}") = "P1424", "P1424.vcxproj", "{0983D27F-24A9-4A08-AEB8-2DD591FE562D}"
EndProject
Global
	GlobalSection(SolutionConfigurationPlatforms) = preSolution
		Debug|x64 = Debug|x64
		Debug|x86 = Debug|x86
		Release|x64 = Release|x64
		Release|x86 = Release|x86
	EndGlobalSection
	GlobalSection(ProjectConfigurationPlatforms) = postSolution
		{0983D27F-24A9-4A08-AEB8-2DD591FE562D}.Debug|x64.ActiveCfg = Debug|x64
		{0983D27F-24A9-4A08-AEB8-2DD591FE562D}.Debug|x64.Build.0 = Debug|x64
		{0983D27F-24A9-4A08-AEB8-2DD591FE562D}.Debug|x86.ActiveCfg = Debug|Win32
		{0983D27F-24A9-4A08-AEB8-2DD591FE562D}.Debug|x86.Build.0 = Debug|Win32
		{0983D27F-24A9-4A08-AEB8-2DD591FE562D}.Release|x64.ActiveCfg = Release|x64
		{0983D27F-24A9-4A08-AEB8-2DD591FE562D}.Release|x64.Build.0 = Release|x64
		{0983D27F-24A9-4A08-AEB8-2DD591FE562D}.Release|x86.ActiveCfg = Release|Win32
		{0983D27F-24A9-4A08-AEB8-2DD591FE562D}.Release|x86.Build.0 = Release|Win32
	EndGlobalSection
	GlobalSection(SolutionProperties) = preSolution
		HideSolutionNode = FALSE
	EndGlobalSection
	GlobalSection(ExtensibilityGlobals) = postSolution
		SolutionGuid = {64977B8B-DBEE-4869-8814-837D3DA6E6D3}
	EndGlobalSection
EndGlobal
