
Microsoft Visual Studio Solution File, Format Version 12.00
# Visual Studio Version 16
VisualStudioVersion = 16.0.30413.136
MinimumVisualStudioVersion = 10.0.40219.1
Project("{8BC9CEB8-8B4A-11D0-8D11-00A0C91BC942}") = "P4994", "P4994.vcxproj", "{01B96687-F019-40CA-94AA-42C1B26A3E54}"
EndProject
Global
	GlobalSection(SolutionConfigurationPlatforms) = preSolution
		Debug|x64 = Debug|x64
		Debug|x86 = Debug|x86
		Release|x64 = Release|x64
		Release|x86 = Release|x86
	EndGlobalSection
	GlobalSection(ProjectConfigurationPlatforms) = postSolution
		{01B96687-F019-40CA-94AA-42C1B26A3E54}.Debug|x64.ActiveCfg = Debug|x64
		{01B96687-F019-40CA-94AA-42C1B26A3E54}.Debug|x64.Build.0 = Debug|x64
		{01B96687-F019-40CA-94AA-42C1B26A3E54}.Debug|x86.ActiveCfg = Debug|Win32
		{01B96687-F019-40CA-94AA-42C1B26A3E54}.Debug|x86.Build.0 = Debug|Win32
		{01B96687-F019-40CA-94AA-42C1B26A3E54}.Release|x64.ActiveCfg = Release|x64
		{01B96687-F019-40CA-94AA-42C1B26A3E54}.Release|x64.Build.0 = Release|x64
		{01B96687-F019-40CA-94AA-42C1B26A3E54}.Release|x86.ActiveCfg = Release|Win32
		{01B96687-F019-40CA-94AA-42C1B26A3E54}.Release|x86.Build.0 = Release|Win32
	EndGlobalSection
	GlobalSection(SolutionProperties) = preSolution
		HideSolutionNode = FALSE
	EndGlobalSection
	GlobalSection(ExtensibilityGlobals) = postSolution
		SolutionGuid = {87F2CCEC-1BB8-426A-8F6C-EA60C48074B2}
	EndGlobalSection
EndGlobal
