
Microsoft Visual Studio Solution File, Format Version 12.00
# Visual Studio Version 16
VisualStudioVersion = 16.0.30320.27
MinimumVisualStudioVersion = 10.0.40219.1
Project("{8BC9CEB8-8B4A-11D0-8D11-00A0C91BC942}") = "P1534", "P1534.vcxproj", "{8F41B61D-731B-4088-A6EC-0E92EA13D4C4}"
EndProject
Global
	GlobalSection(SolutionConfigurationPlatforms) = preSolution
		Debug|x64 = Debug|x64
		Debug|x86 = Debug|x86
		OJ|x64 = OJ|x64
		OJ|x86 = OJ|x86
		Release|x64 = Release|x64
		Release|x86 = Release|x86
	EndGlobalSection
	GlobalSection(ProjectConfigurationPlatforms) = postSolution
		{8F41B61D-731B-4088-A6EC-0E92EA13D4C4}.Debug|x64.ActiveCfg = Debug|x64
		{8F41B61D-731B-4088-A6EC-0E92EA13D4C4}.Debug|x64.Build.0 = Debug|x64
		{8F41B61D-731B-4088-A6EC-0E92EA13D4C4}.Debug|x86.ActiveCfg = Debug|Win32
		{8F41B61D-731B-4088-A6EC-0E92EA13D4C4}.Debug|x86.Build.0 = Debug|Win32
		{8F41B61D-731B-4088-A6EC-0E92EA13D4C4}.OJ|x64.ActiveCfg = OJ|x64
		{8F41B61D-731B-4088-A6EC-0E92EA13D4C4}.OJ|x64.Build.0 = OJ|x64
		{8F41B61D-731B-4088-A6EC-0E92EA13D4C4}.OJ|x86.ActiveCfg = OJ|Win32
		{8F41B61D-731B-4088-A6EC-0E92EA13D4C4}.OJ|x86.Build.0 = OJ|Win32
		{8F41B61D-731B-4088-A6EC-0E92EA13D4C4}.Release|x64.ActiveCfg = Release|x64
		{8F41B61D-731B-4088-A6EC-0E92EA13D4C4}.Release|x64.Build.0 = Release|x64
		{8F41B61D-731B-4088-A6EC-0E92EA13D4C4}.Release|x86.ActiveCfg = Release|Win32
		{8F41B61D-731B-4088-A6EC-0E92EA13D4C4}.Release|x86.Build.0 = Release|Win32
	EndGlobalSection
	GlobalSection(SolutionProperties) = preSolution
		HideSolutionNode = FALSE
	EndGlobalSection
	GlobalSection(ExtensibilityGlobals) = postSolution
		SolutionGuid = {E71B76B7-27E5-4B7C-9EE6-FB93D1707E0B}
	EndGlobalSection
EndGlobal
