
Microsoft Visual Studio Solution File, Format Version 12.00
# Visual Studio Version 16
VisualStudioVersion = 16.0.30320.27
MinimumVisualStudioVersion = 10.0.40219.1
Project("{8BC9CEB8-8B4A-11D0-8D11-00A0C91BC942}") = "P1422", "P1422.vcxproj", "{825454D2-3BD3-41A4-864A-7572D864540D}"
EndProject
Global
	GlobalSection(SolutionConfigurationPlatforms) = preSolution
		Debug|x64 = Debug|x64
		Debug|x86 = Debug|x86
		Release|x64 = Release|x64
		Release|x86 = Release|x86
	EndGlobalSection
	GlobalSection(ProjectConfigurationPlatforms) = postSolution
		{825454D2-3BD3-41A4-864A-7572D864540D}.Debug|x64.ActiveCfg = Debug|x64
		{825454D2-3BD3-41A4-864A-7572D864540D}.Debug|x64.Build.0 = Debug|x64
		{825454D2-3BD3-41A4-864A-7572D864540D}.Debug|x86.ActiveCfg = Debug|Win32
		{825454D2-3BD3-41A4-864A-7572D864540D}.Debug|x86.Build.0 = Debug|Win32
		{825454D2-3BD3-41A4-864A-7572D864540D}.Release|x64.ActiveCfg = Release|x64
		{825454D2-3BD3-41A4-864A-7572D864540D}.Release|x64.Build.0 = Release|x64
		{825454D2-3BD3-41A4-864A-7572D864540D}.Release|x86.ActiveCfg = Release|Win32
		{825454D2-3BD3-41A4-864A-7572D864540D}.Release|x86.Build.0 = Release|Win32
	EndGlobalSection
	GlobalSection(SolutionProperties) = preSolution
		HideSolutionNode = FALSE
	EndGlobalSection
	GlobalSection(ExtensibilityGlobals) = postSolution
		SolutionGuid = {2B8D8CEA-2F05-4CEF-AFE3-4B77F4DDA4DB}
	EndGlobalSection
EndGlobal
