
Microsoft Visual Studio Solution File, Format Version 12.00
# Visual Studio Version 16
VisualStudioVersion = 16.0.30011.22
MinimumVisualStudioVersion = 10.0.40219.1
Project("{8BC9CEB8-8B4A-11D0-8D11-00A0C91BC942}") = "P1531", "P1531.vcxproj", "{B244C441-39A1-465F-BDA6-00E0A8E442B5}"
EndProject
Global
	GlobalSection(SolutionConfigurationPlatforms) = preSolution
		Debug|x64 = Debug|x64
		Debug|x86 = Debug|x86
		Release|x64 = Release|x64
		Release|x86 = Release|x86
	EndGlobalSection
	GlobalSection(ProjectConfigurationPlatforms) = postSolution
		{B244C441-39A1-465F-BDA6-00E0A8E442B5}.Debug|x64.ActiveCfg = Debug|x64
		{B244C441-39A1-465F-BDA6-00E0A8E442B5}.Debug|x64.Build.0 = Debug|x64
		{B244C441-39A1-465F-BDA6-00E0A8E442B5}.Debug|x86.ActiveCfg = Debug|Win32
		{B244C441-39A1-465F-BDA6-00E0A8E442B5}.Debug|x86.Build.0 = Debug|Win32
		{B244C441-39A1-465F-BDA6-00E0A8E442B5}.Release|x64.ActiveCfg = Release|x64
		{B244C441-39A1-465F-BDA6-00E0A8E442B5}.Release|x64.Build.0 = Release|x64
		{B244C441-39A1-465F-BDA6-00E0A8E442B5}.Release|x86.ActiveCfg = Release|Win32
		{B244C441-39A1-465F-BDA6-00E0A8E442B5}.Release|x86.Build.0 = Release|Win32
	EndGlobalSection
	GlobalSection(SolutionProperties) = preSolution
		HideSolutionNode = FALSE
	EndGlobalSection
	GlobalSection(ExtensibilityGlobals) = postSolution
		SolutionGuid = {1CD57ABC-5D51-4F86-8545-80D4BC5D2DC9}
	EndGlobalSection
EndGlobal
