
Microsoft Visual Studio Solution File, Format Version 12.00
# Visual Studio Version 16
VisualStudioVersion = 16.0.30320.27
MinimumVisualStudioVersion = 10.0.40219.1
Project("{8BC9CEB8-8B4A-11D0-8D11-00A0C91BC942}") = "P1098", "P1098.vcxproj", "{69C041B8-8627-4468-9034-CF21182FE81D}"
EndProject
Global
	GlobalSection(SolutionConfigurationPlatforms) = preSolution
		Debug|x64 = Debug|x64
		Debug|x86 = Debug|x86
		Release|x64 = Release|x64
		Release|x86 = Release|x86
	EndGlobalSection
	GlobalSection(ProjectConfigurationPlatforms) = postSolution
		{69C041B8-8627-4468-9034-CF21182FE81D}.Debug|x64.ActiveCfg = Debug|x64
		{69C041B8-8627-4468-9034-CF21182FE81D}.Debug|x64.Build.0 = Debug|x64
		{69C041B8-8627-4468-9034-CF21182FE81D}.Debug|x86.ActiveCfg = Debug|Win32
		{69C041B8-8627-4468-9034-CF21182FE81D}.Debug|x86.Build.0 = Debug|Win32
		{69C041B8-8627-4468-9034-CF21182FE81D}.Release|x64.ActiveCfg = Release|x64
		{69C041B8-8627-4468-9034-CF21182FE81D}.Release|x64.Build.0 = Release|x64
		{69C041B8-8627-4468-9034-CF21182FE81D}.Release|x86.ActiveCfg = Release|Win32
		{69C041B8-8627-4468-9034-CF21182FE81D}.Release|x86.Build.0 = Release|Win32
	EndGlobalSection
	GlobalSection(SolutionProperties) = preSolution
		HideSolutionNode = FALSE
	EndGlobalSection
	GlobalSection(ExtensibilityGlobals) = postSolution
		SolutionGuid = {48F14096-79E4-49AA-9BB1-7F9948469046}
	EndGlobalSection
EndGlobal
