
Microsoft Visual Studio Solution File, Format Version 12.00
# Visual Studio Version 16
VisualStudioVersion = 16.0.30011.22
MinimumVisualStudioVersion = 10.0.40219.1
Project("{8BC9CEB8-8B4A-11D0-8D11-00A0C91BC942}") = "P1134", "P1134.vcxproj", "{FA314F3B-1788-404A-86FD-53B2D0DFB3B4}"
EndProject
Global
	GlobalSection(SolutionConfigurationPlatforms) = preSolution
		Debug|x64 = Debug|x64
		Debug|x86 = Debug|x86
		Release|x64 = Release|x64
		Release|x86 = Release|x86
	EndGlobalSection
	GlobalSection(ProjectConfigurationPlatforms) = postSolution
		{FA314F3B-1788-404A-86FD-53B2D0DFB3B4}.Debug|x64.ActiveCfg = Debug|x64
		{FA314F3B-1788-404A-86FD-53B2D0DFB3B4}.Debug|x64.Build.0 = Debug|x64
		{FA314F3B-1788-404A-86FD-53B2D0DFB3B4}.Debug|x86.ActiveCfg = Debug|Win32
		{FA314F3B-1788-404A-86FD-53B2D0DFB3B4}.Debug|x86.Build.0 = Debug|Win32
		{FA314F3B-1788-404A-86FD-53B2D0DFB3B4}.Release|x64.ActiveCfg = Release|x64
		{FA314F3B-1788-404A-86FD-53B2D0DFB3B4}.Release|x64.Build.0 = Release|x64
		{FA314F3B-1788-404A-86FD-53B2D0DFB3B4}.Release|x86.ActiveCfg = Release|Win32
		{FA314F3B-1788-404A-86FD-53B2D0DFB3B4}.Release|x86.Build.0 = Release|Win32
	EndGlobalSection
	GlobalSection(SolutionProperties) = preSolution
		HideSolutionNode = FALSE
	EndGlobalSection
	GlobalSection(ExtensibilityGlobals) = postSolution
		SolutionGuid = {E3F05D92-D334-4E2E-A3F6-08336D34242F}
	EndGlobalSection
EndGlobal
