
Microsoft Visual Studio Solution File, Format Version 12.00
# Visual Studio Version 16
VisualStudioVersion = 16.0.30320.27
MinimumVisualStudioVersion = 10.0.40219.1
Project("{8BC9CEB8-8B4A-11D0-8D11-00A0C91BC942}") = "P2615", "P2615.vcxproj", "{D2B271F4-BC31-443A-9C2D-5C4DBB9E7ECC}"
EndProject
Global
	GlobalSection(SolutionConfigurationPlatforms) = preSolution
		Debug|x64 = Debug|x64
		Debug|x86 = Debug|x86
		Release|x64 = Release|x64
		Release|x86 = Release|x86
	EndGlobalSection
	GlobalSection(ProjectConfigurationPlatforms) = postSolution
		{D2B271F4-BC31-443A-9C2D-5C4DBB9E7ECC}.Debug|x64.ActiveCfg = Debug|x64
		{D2B271F4-BC31-443A-9C2D-5C4DBB9E7ECC}.Debug|x64.Build.0 = Debug|x64
		{D2B271F4-BC31-443A-9C2D-5C4DBB9E7ECC}.Debug|x86.ActiveCfg = Debug|Win32
		{D2B271F4-BC31-443A-9C2D-5C4DBB9E7ECC}.Debug|x86.Build.0 = Debug|Win32
		{D2B271F4-BC31-443A-9C2D-5C4DBB9E7ECC}.Release|x64.ActiveCfg = Release|x64
		{D2B271F4-BC31-443A-9C2D-5C4DBB9E7ECC}.Release|x64.Build.0 = Release|x64
		{D2B271F4-BC31-443A-9C2D-5C4DBB9E7ECC}.Release|x86.ActiveCfg = Release|Win32
		{D2B271F4-BC31-443A-9C2D-5C4DBB9E7ECC}.Release|x86.Build.0 = Release|Win32
	EndGlobalSection
	GlobalSection(SolutionProperties) = preSolution
		HideSolutionNode = FALSE
	EndGlobalSection
	GlobalSection(ExtensibilityGlobals) = postSolution
		SolutionGuid = {899E6ECF-2740-41F2-80D6-B898BB8DAF01}
	EndGlobalSection
EndGlobal
